
Microsoft Visual Studio Solution File, Format Version 12.00
# Visual Studio 2013
VisualStudioVersion = 12.0.21005.1
MinimumVisualStudioVersion = 10.0.40219.1
Project("{FAE04EC0-301F-11D3-BF4B-00C04F79EFBC}") = "Latihan1", "Latihan1\Latihan1.csproj", "{210F944E-7F14-4F28-BD80-5D2F6227E5A9}"
EndProject
Project("{FAE04EC0-301F-11D3-BF4B-00C04F79EFBC}") = "Latihan 3", "Latihan 3\Latihan 3.csproj", "{30E98FCD-2C8B-4229-AAA4-D534A80A41AF}"
EndProject
Project("{FAE04EC0-301F-11D3-BF4B-00C04F79EFBC}") = "Latihan 4", "Latihan 4\Latihan 4.csproj", "{050F861D-52E6-4963-989E-9D0FC8E5ACD6}"
EndProject
Project("{FAE04EC0-301F-11D3-BF4B-00C04F79EFBC}") = "Latihan 5", "Latihan 5\Latihan 5.csproj", "{6DF0E282-A90B-4213-9570-BAFDFBF70254}"
EndProject
Project("{FAE04EC0-301F-11D3-BF4B-00C04F79EFBC}") = "Latihan_POS", "Latihan_POS\Latihan_POS.csproj", "{F833C1C7-2DE4-44BF-831A-5F16B64D2F57}"
EndProject
Global
	GlobalSection(SolutionConfigurationPlatforms) = preSolution
		Debug|Any CPU = Debug|Any CPU
		Release|Any CPU = Release|Any CPU
	EndGlobalSection
	GlobalSection(ProjectConfigurationPlatforms) = postSolution
		{210F944E-7F14-4F28-BD80-5D2F6227E5A9}.Debug|Any CPU.ActiveCfg = Debug|Any CPU
		{210F944E-7F14-4F28-BD80-5D2F6227E5A9}.Debug|Any CPU.Build.0 = Debug|Any CPU
		{210F944E-7F14-4F28-BD80-5D2F6227E5A9}.Release|Any CPU.ActiveCfg = Release|Any CPU
		{210F944E-7F14-4F28-BD80-5D2F6227E5A9}.Release|Any CPU.Build.0 = Release|Any CPU
		{30E98FCD-2C8B-4229-AAA4-D534A80A41AF}.Debug|Any CPU.ActiveCfg = Debug|Any CPU
		{30E98FCD-2C8B-4229-AAA4-D534A80A41AF}.Debug|Any CPU.Build.0 = Debug|Any CPU
		{30E98FCD-2C8B-4229-AAA4-D534A80A41AF}.Release|Any CPU.ActiveCfg = Release|Any CPU
		{30E98FCD-2C8B-4229-AAA4-D534A80A41AF}.Release|Any CPU.Build.0 = Release|Any CPU
		{050F861D-52E6-4963-989E-9D0FC8E5ACD6}.Debug|Any CPU.ActiveCfg = Debug|Any CPU
		{050F861D-52E6-4963-989E-9D0FC8E5ACD6}.Debug|Any CPU.Build.0 = Debug|Any CPU
		{050F861D-52E6-4963-989E-9D0FC8E5ACD6}.Release|Any CPU.ActiveCfg = Release|Any CPU
		{050F861D-52E6-4963-989E-9D0FC8E5ACD6}.Release|Any CPU.Build.0 = Release|Any CPU
		{6DF0E282-A90B-4213-9570-BAFDFBF70254}.Debug|Any CPU.ActiveCfg = Debug|Any CPU
		{6DF0E282-A90B-4213-9570-BAFDFBF70254}.Debug|Any CPU.Build.0 = Debug|Any CPU
		{6DF0E282-A90B-4213-9570-BAFDFBF70254}.Release|Any CPU.ActiveCfg = Release|Any CPU
		{6DF0E282-A90B-4213-9570-BAFDFBF70254}.Release|Any CPU.Build.0 = Release|Any CPU
		{F833C1C7-2DE4-44BF-831A-5F16B64D2F57}.Debug|Any CPU.ActiveCfg = Debug|Any CPU
		{F833C1C7-2DE4-44BF-831A-5F16B64D2F57}.Debug|Any CPU.Build.0 = Debug|Any CPU
		{F833C1C7-2DE4-44BF-831A-5F16B64D2F57}.Release|Any CPU.ActiveCfg = Release|Any CPU
		{F833C1C7-2DE4-44BF-831A-5F16B64D2F57}.Release|Any CPU.Build.0 = Release|Any CPU
	EndGlobalSection
	GlobalSection(SolutionProperties) = preSolution
		HideSolutionNode = FALSE
	EndGlobalSection
EndGlobal
